
Microsoft Visual Studio Solution File, Format Version 12.00
Project("{FAE04EC0-301F-11D3-BF4B-00C04F79EFBC}") = "DiscriminatedUnion", "DiscriminatedUnion\DiscriminatedUnion.csproj", "{88D84CBA-6263-4D8F-8D94-E16A5A451EF0}"
EndProject
Project("{FAE04EC0-301F-11D3-BF4B-00C04F79EFBC}") = "Tests", "Tests\Tests.csproj", "{42583120-F2F5-4227-9A8F-12E1BC21DCFF}"
EndProject
Global
	GlobalSection(SolutionConfigurationPlatforms) = preSolution
		Debug|Any CPU = Debug|Any CPU
		Release|Any CPU = Release|Any CPU
	EndGlobalSection
	GlobalSection(ProjectConfigurationPlatforms) = postSolution
		{88D84CBA-6263-4D8F-8D94-E16A5A451EF0}.Debug|Any CPU.ActiveCfg = Debug|Any CPU
		{88D84CBA-6263-4D8F-8D94-E16A5A451EF0}.Debug|Any CPU.Build.0 = Debug|Any CPU
		{88D84CBA-6263-4D8F-8D94-E16A5A451EF0}.Release|Any CPU.ActiveCfg = Release|Any CPU
		{88D84CBA-6263-4D8F-8D94-E16A5A451EF0}.Release|Any CPU.Build.0 = Release|Any CPU
		{42583120-F2F5-4227-9A8F-12E1BC21DCFF}.Debug|Any CPU.ActiveCfg = Debug|Any CPU
		{42583120-F2F5-4227-9A8F-12E1BC21DCFF}.Debug|Any CPU.Build.0 = Debug|Any CPU
		{42583120-F2F5-4227-9A8F-12E1BC21DCFF}.Release|Any CPU.ActiveCfg = Release|Any CPU
		{42583120-F2F5-4227-9A8F-12E1BC21DCFF}.Release|Any CPU.Build.0 = Release|Any CPU
	EndGlobalSection
EndGlobal
